
Microsoft Visual Studio Solution File, Format Version 12.00
# Visual Studio 15
VisualStudioVersion = 15.0.26730.15
MinimumVisualStudioVersion = 10.0.40219.1
Project("{9A19103F-16F7-4668-BE54-9A1E7A4F7556}") = "VmSizeBrowser.Web", "src\VmSizeBrowser.Web\VmSizeBrowser.Web.csproj", "{7417D68C-6EBD-4600-8FF6-2C25721BD2A4}"
EndProject
Global
	GlobalSection(SolutionConfigurationPlatforms) = preSolution
		Debug|Any CPU = Debug|Any CPU
		Release|Any CPU = Release|Any CPU
	EndGlobalSection
	GlobalSection(ProjectConfigurationPlatforms) = postSolution
		{7417D68C-6EBD-4600-8FF6-2C25721BD2A4}.Debug|Any CPU.ActiveCfg = Debug|Any CPU
		{7417D68C-6EBD-4600-8FF6-2C25721BD2A4}.Debug|Any CPU.Build.0 = Debug|Any CPU
		{7417D68C-6EBD-4600-8FF6-2C25721BD2A4}.Release|Any CPU.ActiveCfg = Release|Any CPU
		{7417D68C-6EBD-4600-8FF6-2C25721BD2A4}.Release|Any CPU.Build.0 = Release|Any CPU
	EndGlobalSection
	GlobalSection(SolutionProperties) = preSolution
		HideSolutionNode = FALSE
	EndGlobalSection
	GlobalSection(ExtensibilityGlobals) = postSolution
		SolutionGuid = {CE5E304B-E4A1-439B-8B3C-8ED5AB91E0E1}
	EndGlobalSection
EndGlobal
